// !$*UTF8*$!
{
	archiveVersion = 1;
	classes = {
	};
	objectVersion = 50;
	objects = {

/* Begin PBXBuildFile section */
		3EB69BE2212C805F0049BA59 /* Assets.xcassets in Resources */ = {isa = PBXBuildFile; fileRef = 3EB69BE1212C805F0049BA59 /* Assets.xcassets */; };
		3EB69BE4212C855E0049BA59 /* TabBarController.storyboard in Resources */ = {isa = PBXBuildFile; fileRef = 3EB69BE3212C855E0049BA59 /* TabBarController.storyboard */; };
		3EC2C90F212CAA98002D7F69 /* AddCustomActivity.storyboard in Resources */ = {isa = PBXBuildFile; fileRef = 3EC2C90E212CAA98002D7F69 /* AddCustomActivity.storyboard */; };
		3EC2C911212CAAB9002D7F69 /* ActivityHistory.storyboard in Resources */ = {isa = PBXBuildFile; fileRef = 3EC2C910212CAAB9002D7F69 /* ActivityHistory.storyboard */; };
		3EC2C913212CAB5B002D7F69 /* NewActivity.storyboard in Resources */ = {isa = PBXBuildFile; fileRef = 3EC2C912212CAB5B002D7F69 /* NewActivity.storyboard */; };
		3EC2C915212CAB81002D7F69 /* MyProfile.storyboard in Resources */ = {isa = PBXBuildFile; fileRef = 3EC2C914212CAB81002D7F69 /* MyProfile.storyboard */; };
		3EC2C917212CAB9D002D7F69 /* Settings.storyboard in Resources */ = {isa = PBXBuildFile; fileRef = 3EC2C916212CAB9D002D7F69 /* Settings.storyboard */; };
		3EC2C954212CB3A7002D7F69 /* ActivityHistoryDetails.storyboard in Resources */ = {isa = PBXBuildFile; fileRef = 3EC2C953212CB3A7002D7F69 /* ActivityHistoryDetails.storyboard */; };
		3EC2C956212CBE57002D7F69 /* NewActivityViewController.swift in Sources */ = {isa = PBXBuildFile; fileRef = 3EC2C955212CBE57002D7F69 /* NewActivityViewController.swift */; };
		3EC2C959212CBEC8002D7F69 /* TabBarViewController.swift in Sources */ = {isa = PBXBuildFile; fileRef = 3EC2C958212CBEC8002D7F69 /* TabBarViewController.swift */; };
		3EDC8D00212CE0F800A7A7DE /* LoginScreen.storyboard in Resources */ = {isa = PBXBuildFile; fileRef = 3EDC8CFF212CE0F800A7A7DE /* LoginScreen.storyboard */; };
		B6C74F9E212B83AB00331D01 /* ActivityController.swift in Sources */ = {isa = PBXBuildFile; fileRef = B6C74F77212B83AA00331D01 /* ActivityController.swift */; };
		B6C74F9F212B83AB00331D01 /* LaunchScreenViewController.swift in Sources */ = {isa = PBXBuildFile; fileRef = B6C74F7A212B83AA00331D01 /* LaunchScreenViewController.swift */; };
		B6C74FA0212B83AB00331D01 /* SettingsViewController.swift in Sources */ = {isa = PBXBuildFile; fileRef = B6C74F7C212B83AA00331D01 /* SettingsViewController.swift */; };
		B6C74FA1212B83AB00331D01 /* AddWorkoutViewController.swift in Sources */ = {isa = PBXBuildFile; fileRef = B6C74F7E212B83AA00331D01 /* AddWorkoutViewController.swift */; };
		B6C74FA2212B83AB00331D01 /* ProfileViewController.swift in Sources */ = {isa = PBXBuildFile; fileRef = B6C74F80212B83AA00331D01 /* ProfileViewController.swift */; };
		B6C74FA3212B83AB00331D01 /* CurrentActivityViewController.swift in Sources */ = {isa = PBXBuildFile; fileRef = B6C74F82212B83AA00331D01 /* CurrentActivityViewController.swift */; };
		B6C74FA4212B83AB00331D01 /* ActivityDetailViewController.swift in Sources */ = {isa = PBXBuildFile; fileRef = B6C74F84212B83AA00331D01 /* ActivityDetailViewController.swift */; };
		B6C74FA5212B83AB00331D01 /* HikeHistoryViewController.swift in Sources */ = {isa = PBXBuildFile; fileRef = B6C74F85212B83AA00331D01 /* HikeHistoryViewController.swift */; };
		B6C74FA6212B83AB00331D01 /* RunHistoryViewController.swift in Sources */ = {isa = PBXBuildFile; fileRef = B6C74F86212B83AA00331D01 /* RunHistoryViewController.swift */; };
		B6C74FA7212B83AB00331D01 /* BikeHistoryViewController.swift in Sources */ = {isa = PBXBuildFile; fileRef = B6C74F87212B83AA00331D01 /* BikeHistoryViewController.swift */; };
		B6C74FA8212B83AB00331D01 /* ActivityHistoryViewController.swift in Sources */ = {isa = PBXBuildFile; fileRef = B6C74F88212B83AA00331D01 /* ActivityHistoryViewController.swift */; };
		B6C74FAA212B83AB00331D01 /* MapViewManager.swift in Sources */ = {isa = PBXBuildFile; fileRef = B6C74F8D212B83AA00331D01 /* MapViewManager.swift */; };
		B6C74FAB212B83AB00331D01 /* NetworkManager.swift in Sources */ = {isa = PBXBuildFile; fileRef = B6C74F8E212B83AA00331D01 /* NetworkManager.swift */; };
		B6C74FAC212B83AB00331D01 /* LocationManager.swift in Sources */ = {isa = PBXBuildFile; fileRef = B6C74F8F212B83AA00331D01 /* LocationManager.swift */; };
		B6C74FAD212B83AB00331D01 /* UnitConversion+Helper.swift in Sources */ = {isa = PBXBuildFile; fileRef = B6C74F91212B83AA00331D01 /* UnitConversion+Helper.swift */; };
		B6C74FAE212B83AB00331D01 /* User.swift in Sources */ = {isa = PBXBuildFile; fileRef = B6C74F93212B83AB00331D01 /* User.swift */; };
		B6C74FAF212B83AB00331D01 /* Activity.swift in Sources */ = {isa = PBXBuildFile; fileRef = B6C74F94212B83AB00331D01 /* Activity.swift */; };
		B6C74FB5212B83B800331D01 /* AppDelegate.swift in Sources */ = {isa = PBXBuildFile; fileRef = B6C74FB2212B83B800331D01 /* AppDelegate.swift */; };
		B6C74FC9212B84F600331D01 /* CurrentActivityPopOver.storyboard in Resources */ = {isa = PBXBuildFile; fileRef = B6C74FBD212B84F600331D01 /* CurrentActivityPopOver.storyboard */; };
		B6C74FCC212B84F600331D01 /* LaunchScreen.storyboard in Resources */ = {isa = PBXBuildFile; fileRef = B6C74FC0212B84F600331D01 /* LaunchScreen.storyboard */; };
		B6C74FCF212B84F600331D01 /* ActivityHistoryTableViewCell.swift in Sources */ = {isa = PBXBuildFile; fileRef = B6C74FC6212B84F600331D01 /* ActivityHistoryTableViewCell.swift */; };
		B6C74FD0212B84F600331D01 /* ActivityHistoryButton.swift in Sources */ = {isa = PBXBuildFile; fileRef = B6C74FC7212B84F600331D01 /* ActivityHistoryButton.swift */; };
		B6FE8A97212DD8ED0095FC8B /* FormatDisplay.swift in Sources */ = {isa = PBXBuildFile; fileRef = B6FE8A96212DD8ED0095FC8B /* FormatDisplay.swift */; };
/* End PBXBuildFile section */

/* Begin PBXFileReference section */
		3EB69BE1212C805F0049BA59 /* Assets.xcassets */ = {isa = PBXFileReference; lastKnownFileType = folder.assetcatalog; path = Assets.xcassets; sourceTree = "<group>"; };
		3EB69BE3212C855E0049BA59 /* TabBarController.storyboard */ = {isa = PBXFileReference; lastKnownFileType = file.storyboard; path = TabBarController.storyboard; sourceTree = "<group>"; };
		3EC2C90E212CAA98002D7F69 /* AddCustomActivity.storyboard */ = {isa = PBXFileReference; fileEncoding = 4; lastKnownFileType = file.storyboard; path = AddCustomActivity.storyboard; sourceTree = "<group>"; };
		3EC2C910212CAAB9002D7F69 /* ActivityHistory.storyboard */ = {isa = PBXFileReference; fileEncoding = 4; lastKnownFileType = file.storyboard; path = ActivityHistory.storyboard; sourceTree = "<group>"; };
		3EC2C912212CAB5B002D7F69 /* NewActivity.storyboard */ = {isa = PBXFileReference; fileEncoding = 4; lastKnownFileType = file.storyboard; path = NewActivity.storyboard; sourceTree = "<group>"; };
		3EC2C914212CAB81002D7F69 /* MyProfile.storyboard */ = {isa = PBXFileReference; fileEncoding = 4; lastKnownFileType = file.storyboard; path = MyProfile.storyboard; sourceTree = "<group>"; };
		3EC2C916212CAB9D002D7F69 /* Settings.storyboard */ = {isa = PBXFileReference; fileEncoding = 4; lastKnownFileType = file.storyboard; path = Settings.storyboard; sourceTree = "<group>"; };
		3EC2C953212CB3A7002D7F69 /* ActivityHistoryDetails.storyboard */ = {isa = PBXFileReference; fileEncoding = 4; lastKnownFileType = file.storyboard; path = ActivityHistoryDetails.storyboard; sourceTree = "<group>"; };
		3EC2C955212CBE57002D7F69 /* NewActivityViewController.swift */ = {isa = PBXFileReference; lastKnownFileType = sourcecode.swift; path = NewActivityViewController.swift; sourceTree = "<group>"; };
		3EC2C958212CBEC8002D7F69 /* TabBarViewController.swift */ = {isa = PBXFileReference; lastKnownFileType = sourcecode.swift; path = TabBarViewController.swift; sourceTree = "<group>"; };
		3EDC8CFF212CE0F800A7A7DE /* LoginScreen.storyboard */ = {isa = PBXFileReference; lastKnownFileType = file.storyboard; path = LoginScreen.storyboard; sourceTree = "<group>"; };
		B6C74ECE212B7C3500331D01 /* ADVNTR.app */ = {isa = PBXFileReference; explicitFileType = wrapper.application; includeInIndex = 0; path = ADVNTR.app; sourceTree = BUILT_PRODUCTS_DIR; };
		B6C74F77212B83AA00331D01 /* ActivityController.swift */ = {isa = PBXFileReference; fileEncoding = 4; lastKnownFileType = sourcecode.swift; path = ActivityController.swift; sourceTree = "<group>"; };
		B6C74F7A212B83AA00331D01 /* LaunchScreenViewController.swift */ = {isa = PBXFileReference; fileEncoding = 4; lastKnownFileType = sourcecode.swift; path = LaunchScreenViewController.swift; sourceTree = "<group>"; };
		B6C74F7C212B83AA00331D01 /* SettingsViewController.swift */ = {isa = PBXFileReference; fileEncoding = 4; lastKnownFileType = sourcecode.swift; path = SettingsViewController.swift; sourceTree = "<group>"; };
		B6C74F7E212B83AA00331D01 /* AddWorkoutViewController.swift */ = {isa = PBXFileReference; fileEncoding = 4; lastKnownFileType = sourcecode.swift; path = AddWorkoutViewController.swift; sourceTree = "<group>"; };
		B6C74F80212B83AA00331D01 /* ProfileViewController.swift */ = {isa = PBXFileReference; fileEncoding = 4; lastKnownFileType = sourcecode.swift; path = ProfileViewController.swift; sourceTree = "<group>"; };
		B6C74F82212B83AA00331D01 /* CurrentActivityViewController.swift */ = {isa = PBXFileReference; fileEncoding = 4; lastKnownFileType = sourcecode.swift; path = CurrentActivityViewController.swift; sourceTree = "<group>"; };
		B6C74F84212B83AA00331D01 /* ActivityDetailViewController.swift */ = {isa = PBXFileReference; fileEncoding = 4; lastKnownFileType = sourcecode.swift; path = ActivityDetailViewController.swift; sourceTree = "<group>"; };
		B6C74F85212B83AA00331D01 /* HikeHistoryViewController.swift */ = {isa = PBXFileReference; fileEncoding = 4; lastKnownFileType = sourcecode.swift; path = HikeHistoryViewController.swift; sourceTree = "<group>"; };
		B6C74F86212B83AA00331D01 /* RunHistoryViewController.swift */ = {isa = PBXFileReference; fileEncoding = 4; lastKnownFileType = sourcecode.swift; path = RunHistoryViewController.swift; sourceTree = "<group>"; };
		B6C74F87212B83AA00331D01 /* BikeHistoryViewController.swift */ = {isa = PBXFileReference; fileEncoding = 4; lastKnownFileType = sourcecode.swift; path = BikeHistoryViewController.swift; sourceTree = "<group>"; };
		B6C74F88212B83AA00331D01 /* ActivityHistoryViewController.swift */ = {isa = PBXFileReference; fileEncoding = 4; lastKnownFileType = sourcecode.swift; path = ActivityHistoryViewController.swift; sourceTree = "<group>"; };
		B6C74F8D212B83AA00331D01 /* MapViewManager.swift */ = {isa = PBXFileReference; fileEncoding = 4; lastKnownFileType = sourcecode.swift; path = MapViewManager.swift; sourceTree = "<group>"; };
		B6C74F8E212B83AA00331D01 /* NetworkManager.swift */ = {isa = PBXFileReference; fileEncoding = 4; lastKnownFileType = sourcecode.swift; path = NetworkManager.swift; sourceTree = "<group>"; };
		B6C74F8F212B83AA00331D01 /* LocationManager.swift */ = {isa = PBXFileReference; fileEncoding = 4; lastKnownFileType = sourcecode.swift; path = LocationManager.swift; sourceTree = "<group>"; };
		B6C74F91212B83AA00331D01 /* UnitConversion+Helper.swift */ = {isa = PBXFileReference; fileEncoding = 4; lastKnownFileType = sourcecode.swift; path = "UnitConversion+Helper.swift"; sourceTree = "<group>"; };
		B6C74F93212B83AB00331D01 /* User.swift */ = {isa = PBXFileReference; fileEncoding = 4; lastKnownFileType = sourcecode.swift; path = User.swift; sourceTree = "<group>"; };
		B6C74F94212B83AB00331D01 /* Activity.swift */ = {isa = PBXFileReference; fileEncoding = 4; lastKnownFileType = sourcecode.swift; path = Activity.swift; sourceTree = "<group>"; };
		B6C74FB2212B83B800331D01 /* AppDelegate.swift */ = {isa = PBXFileReference; fileEncoding = 4; lastKnownFileType = sourcecode.swift; path = AppDelegate.swift; sourceTree = "<group>"; };
		B6C74FB3212B83B800331D01 /* Info.plist */ = {isa = PBXFileReference; fileEncoding = 4; lastKnownFileType = text.plist.xml; path = Info.plist; sourceTree = "<group>"; };
		B6C74FBD212B84F600331D01 /* CurrentActivityPopOver.storyboard */ = {isa = PBXFileReference; fileEncoding = 4; lastKnownFileType = file.storyboard; path = CurrentActivityPopOver.storyboard; sourceTree = "<group>"; };
		B6C74FC1212B84F600331D01 /* Base */ = {isa = PBXFileReference; lastKnownFileType = file.storyboard; name = Base; path = Base.lproj/LaunchScreen.storyboard; sourceTree = "<group>"; };
		B6C74FC6212B84F600331D01 /* ActivityHistoryTableViewCell.swift */ = {isa = PBXFileReference; fileEncoding = 4; lastKnownFileType = sourcecode.swift; path = ActivityHistoryTableViewCell.swift; sourceTree = "<group>"; };
		B6C74FC7212B84F600331D01 /* ActivityHistoryButton.swift */ = {isa = PBXFileReference; fileEncoding = 4; lastKnownFileType = sourcecode.swift; path = ActivityHistoryButton.swift; sourceTree = "<group>"; };
		B6FE8A96212DD8ED0095FC8B /* FormatDisplay.swift */ = {isa = PBXFileReference; lastKnownFileType = sourcecode.swift; path = FormatDisplay.swift; sourceTree = "<group>"; };
/* End PBXFileReference section */

/* Begin PBXFrameworksBuildPhase section */
		B6C74ECB212B7C3500331D01 /* Frameworks */ = {
			isa = PBXFrameworksBuildPhase;
			buildActionMask = 2147483647;
			files = (
			);
			runOnlyForDeploymentPostprocessing = 0;
		};
/* End PBXFrameworksBuildPhase section */

/* Begin PBXGroup section */
		3EC2C957212CBE75002D7F69 /* NewActivity */ = {
			isa = PBXGroup;
			children = (
				3EC2C955212CBE57002D7F69 /* NewActivityViewController.swift */,
			);
			path = NewActivity;
			sourceTree = "<group>";
		};
		3EC2C95A212CBFD3002D7F69 /* TabBarController */ = {
			isa = PBXGroup;
			children = (
				3EC2C958212CBEC8002D7F69 /* TabBarViewController.swift */,
			);
			path = TabBarController;
			sourceTree = "<group>";
		};
		B6C74EC5212B7C3500331D01 = {
			isa = PBXGroup;
			children = (
				B6C74ED0212B7C3500331D01 /* ADVNTR */,
				B6C74ECF212B7C3500331D01 /* Products */,
			);
			sourceTree = "<group>";
		};
		B6C74ECF212B7C3500331D01 /* Products */ = {
			isa = PBXGroup;
			children = (
				B6C74ECE212B7C3500331D01 /* ADVNTR.app */,
			);
			name = Products;
			sourceTree = "<group>";
		};
		B6C74ED0212B7C3500331D01 /* ADVNTR */ = {
			isa = PBXGroup;
			children = (
				B6C74F92212B83AB00331D01 /* Models */,
				B6C74FBA212B84F600331D01 /* Views */,
				B6C74F75212B83AA00331D01 /* Controllers */,
				B6C74F8B212B83AA00331D01 /* Helpers */,
				B6C74FB0212B83B800331D01 /* Resources */,
			);
			path = ADVNTR;
			sourceTree = "<group>";
		};
		B6C74F75212B83AA00331D01 /* Controllers */ = {
			isa = PBXGroup;
			children = (
				B6C74F76212B83AA00331D01 /* ModelControllers */,
				B6C74F78212B83AA00331D01 /* ViewControllers */,
			);
			path = Controllers;
			sourceTree = "<group>";
		};
		B6C74F76212B83AA00331D01 /* ModelControllers */ = {
			isa = PBXGroup;
			children = (
				B6C74F77212B83AA00331D01 /* ActivityController.swift */,
			);
			path = ModelControllers;
			sourceTree = "<group>";
		};
		B6C74F78212B83AA00331D01 /* ViewControllers */ = {
			isa = PBXGroup;
			children = (
				B6C74F79212B83AA00331D01 /* LaunchScreen */,
				3EC2C95A212CBFD3002D7F69 /* TabBarController */,
				B6C74F7D212B83AA00331D01 /* AddWorkout */,
				B6C74F83212B83AA00331D01 /* ActivityHistory */,
				3EC2C957212CBE75002D7F69 /* NewActivity */,
				B6C74F81212B83AA00331D01 /* CurrentActivity */,
				B6C74F7F212B83AA00331D01 /* Profile */,
				B6C74F7B212B83AA00331D01 /* Settings */,
			);
			path = ViewControllers;
			sourceTree = "<group>";
		};
		B6C74F79212B83AA00331D01 /* LaunchScreen */ = {
			isa = PBXGroup;
			children = (
				B6C74F7A212B83AA00331D01 /* LaunchScreenViewController.swift */,
			);
			path = LaunchScreen;
			sourceTree = "<group>";
		};
		B6C74F7B212B83AA00331D01 /* Settings */ = {
			isa = PBXGroup;
			children = (
				B6C74F7C212B83AA00331D01 /* SettingsViewController.swift */,
			);
			path = Settings;
			sourceTree = "<group>";
		};
		B6C74F7D212B83AA00331D01 /* AddWorkout */ = {
			isa = PBXGroup;
			children = (
				B6C74F7E212B83AA00331D01 /* AddWorkoutViewController.swift */,
			);
			path = AddWorkout;
			sourceTree = "<group>";
		};
		B6C74F7F212B83AA00331D01 /* Profile */ = {
			isa = PBXGroup;
			children = (
				B6C74F80212B83AA00331D01 /* ProfileViewController.swift */,
			);
			path = Profile;
			sourceTree = "<group>";
		};
		B6C74F81212B83AA00331D01 /* CurrentActivity */ = {
			isa = PBXGroup;
			children = (
				B6C74F82212B83AA00331D01 /* CurrentActivityViewController.swift */,
			);
			path = CurrentActivity;
			sourceTree = "<group>";
		};
		B6C74F83212B83AA00331D01 /* ActivityHistory */ = {
			isa = PBXGroup;
			children = (
				B6C74F84212B83AA00331D01 /* ActivityDetailViewController.swift */,
				B6C74F85212B83AA00331D01 /* HikeHistoryViewController.swift */,
				B6C74F86212B83AA00331D01 /* RunHistoryViewController.swift */,
				B6C74F87212B83AA00331D01 /* BikeHistoryViewController.swift */,
				B6C74F88212B83AA00331D01 /* ActivityHistoryViewController.swift */,
			);
			path = ActivityHistory;
			sourceTree = "<group>";
		};
		B6C74F8B212B83AA00331D01 /* Helpers */ = {
			isa = PBXGroup;
			children = (
				B6C74F8C212B83AA00331D01 /* Managers */,
				B6C74F90212B83AA00331D01 /* Formatters */,
			);
			path = Helpers;
			sourceTree = "<group>";
		};
		B6C74F8C212B83AA00331D01 /* Managers */ = {
			isa = PBXGroup;
			children = (
				B6C74F8D212B83AA00331D01 /* MapViewManager.swift */,
				B6C74F8E212B83AA00331D01 /* NetworkManager.swift */,
				B6C74F8F212B83AA00331D01 /* LocationManager.swift */,
			);
			path = Managers;
			sourceTree = "<group>";
		};
		B6C74F90212B83AA00331D01 /* Formatters */ = {
			isa = PBXGroup;
			children = (
				B6C74F91212B83AA00331D01 /* UnitConversion+Helper.swift */,
				B6FE8A96212DD8ED0095FC8B /* FormatDisplay.swift */,
			);
			path = Formatters;
			sourceTree = "<group>";
		};
		B6C74F92212B83AB00331D01 /* Models */ = {
			isa = PBXGroup;
			children = (
				B6C74F93212B83AB00331D01 /* User.swift */,
				B6C74F94212B83AB00331D01 /* Activity.swift */,
			);
			path = Models;
			sourceTree = "<group>";
		};
		B6C74FB0212B83B800331D01 /* Resources */ = {
			isa = PBXGroup;
			children = (
				B6C74FB2212B83B800331D01 /* AppDelegate.swift */,
				3EB69BE1212C805F0049BA59 /* Assets.xcassets */,
				B6C74FB3212B83B800331D01 /* Info.plist */,
			);
			path = Resources;
			sourceTree = "<group>";
		};
		B6C74FBA212B84F600331D01 /* Views */ = {
			isa = PBXGroup;
			children = (
				B6C74FBB212B84F600331D01 /* Storyboards */,
				B6C74FC5212B84F600331D01 /* CustomViews */,
			);
			name = Views;
			path = Controllers/ViewControllers/Views;
			sourceTree = "<group>";
		};
		B6C74FBB212B84F600331D01 /* Storyboards */ = {
			isa = PBXGroup;
			children = (
				B6C74FC0212B84F600331D01 /* LaunchScreen.storyboard */,
				3EB69BE3212C855E0049BA59 /* TabBarController.storyboard */,
				3EC2C90E212CAA98002D7F69 /* AddCustomActivity.storyboard */,
				3EC2C910212CAAB9002D7F69 /* ActivityHistory.storyboard */,
				3EC2C953212CB3A7002D7F69 /* ActivityHistoryDetails.storyboard */,
				3EC2C912212CAB5B002D7F69 /* NewActivity.storyboard */,
				B6C74FBD212B84F600331D01 /* CurrentActivityPopOver.storyboard */,
				3EC2C914212CAB81002D7F69 /* MyProfile.storyboard */,
				3EC2C916212CAB9D002D7F69 /* Settings.storyboard */,
				3EDC8CFF212CE0F800A7A7DE /* LoginScreen.storyboard */,
			);
			path = Storyboards;
			sourceTree = "<group>";
		};
		B6C74FC5212B84F600331D01 /* CustomViews */ = {
			isa = PBXGroup;
			children = (
				B6C74FC6212B84F600331D01 /* ActivityHistoryTableViewCell.swift */,
				B6C74FC7212B84F600331D01 /* ActivityHistoryButton.swift */,
			);
			path = CustomViews;
			sourceTree = "<group>";
		};
/* End PBXGroup section */

/* Begin PBXNativeTarget section */
		B6C74ECD212B7C3500331D01 /* ADVNTR */ = {
			isa = PBXNativeTarget;
			buildConfigurationList = B6C74EE0212B7C3700331D01 /* Build configuration list for PBXNativeTarget "ADVNTR" */;
			buildPhases = (
				B6C74ECA212B7C3500331D01 /* Sources */,
				B6C74ECB212B7C3500331D01 /* Frameworks */,
				B6C74ECC212B7C3500331D01 /* Resources */,
			);
			buildRules = (
			);
			dependencies = (
			);
			name = ADVNTR;
			productName = ADVNTR;
			productReference = B6C74ECE212B7C3500331D01 /* ADVNTR.app */;
			productType = "com.apple.product-type.application";
		};
/* End PBXNativeTarget section */

/* Begin PBXProject section */
		B6C74EC6212B7C3500331D01 /* Project object */ = {
			isa = PBXProject;
			attributes = {
				LastSwiftUpdateCheck = 0940;
				LastUpgradeCheck = 1000;
				ORGANIZATIONNAME = "Zachary Frew";
				TargetAttributes = {
					B6C74ECD212B7C3500331D01 = {
						CreatedOnToolsVersion = 9.4.1;
						LastSwiftMigration = 1000;
					};
				};
			};
			buildConfigurationList = B6C74EC9212B7C3500331D01 /* Build configuration list for PBXProject "ADVNTR" */;
			compatibilityVersion = "Xcode 9.3";
			developmentRegion = en;
			hasScannedForEncodings = 0;
			knownRegions = (
				en,
				Base,
			);
			mainGroup = B6C74EC5212B7C3500331D01;
			productRefGroup = B6C74ECF212B7C3500331D01 /* Products */;
			projectDirPath = "";
			projectRoot = "";
			targets = (
				B6C74ECD212B7C3500331D01 /* ADVNTR */,
			);
		};
/* End PBXProject section */

/* Begin PBXResourcesBuildPhase section */
		B6C74ECC212B7C3500331D01 /* Resources */ = {
			isa = PBXResourcesBuildPhase;
			buildActionMask = 2147483647;
			files = (
				3EC2C911212CAAB9002D7F69 /* ActivityHistory.storyboard in Resources */,
				3EB69BE4212C855E0049BA59 /* TabBarController.storyboard in Resources */,
				3EC2C917212CAB9D002D7F69 /* Settings.storyboard in Resources */,
				3EC2C954212CB3A7002D7F69 /* ActivityHistoryDetails.storyboard in Resources */,
				B6C74FC9212B84F600331D01 /* CurrentActivityPopOver.storyboard in Resources */,
				B6C74FCC212B84F600331D01 /* LaunchScreen.storyboard in Resources */,
				3EC2C90F212CAA98002D7F69 /* AddCustomActivity.storyboard in Resources */,
				3EDC8D00212CE0F800A7A7DE /* LoginScreen.storyboard in Resources */,
				3EB69BE2212C805F0049BA59 /* Assets.xcassets in Resources */,
				3EC2C915212CAB81002D7F69 /* MyProfile.storyboard in Resources */,
				3EC2C913212CAB5B002D7F69 /* NewActivity.storyboard in Resources */,
			);
			runOnlyForDeploymentPostprocessing = 0;
		};
/* End PBXResourcesBuildPhase section */

/* Begin PBXSourcesBuildPhase section */
		B6C74ECA212B7C3500331D01 /* Sources */ = {
			isa = PBXSourcesBuildPhase;
			buildActionMask = 2147483647;
			files = (
				B6C74FAC212B83AB00331D01 /* LocationManager.swift in Sources */,
				B6C74F9E212B83AB00331D01 /* ActivityController.swift in Sources */,
				3EC2C959212CBEC8002D7F69 /* TabBarViewController.swift in Sources */,
				B6C74FA8212B83AB00331D01 /* ActivityHistoryViewController.swift in Sources */,
				B6C74FCF212B84F600331D01 /* ActivityHistoryTableViewCell.swift in Sources */,
				B6C74FA7212B83AB00331D01 /* BikeHistoryViewController.swift in Sources */,
				B6C74FAB212B83AB00331D01 /* NetworkManager.swift in Sources */,
				B6C74FA1212B83AB00331D01 /* AddWorkoutViewController.swift in Sources */,
				B6C74FAA212B83AB00331D01 /* MapViewManager.swift in Sources */,
				B6C74FA4212B83AB00331D01 /* ActivityDetailViewController.swift in Sources */,
				B6C74F9F212B83AB00331D01 /* LaunchScreenViewController.swift in Sources */,
				B6C74FAF212B83AB00331D01 /* Activity.swift in Sources */,
				B6C74FD0212B84F600331D01 /* ActivityHistoryButton.swift in Sources */,
				B6C74FA2212B83AB00331D01 /* ProfileViewController.swift in Sources */,
				B6C74FA5212B83AB00331D01 /* HikeHistoryViewController.swift in Sources */,
				B6C74FA3212B83AB00331D01 /* CurrentActivityViewController.swift in Sources */,
				B6C74FA0212B83AB00331D01 /* SettingsViewController.swift in Sources */,
				B6FE8A97212DD8ED0095FC8B /* FormatDisplay.swift in Sources */,
				B6C74FA6212B83AB00331D01 /* RunHistoryViewController.swift in Sources */,
				3EC2C956212CBE57002D7F69 /* NewActivityViewController.swift in Sources */,
				B6C74FB5212B83B800331D01 /* AppDelegate.swift in Sources */,
				B6C74FAD212B83AB00331D01 /* UnitConversion+Helper.swift in Sources */,
				B6C74FAE212B83AB00331D01 /* User.swift in Sources */,
			);
			runOnlyForDeploymentPostprocessing = 0;
		};
/* End PBXSourcesBuildPhase section */

/* Begin PBXVariantGroup section */
		B6C74FC0212B84F600331D01 /* LaunchScreen.storyboard */ = {
			isa = PBXVariantGroup;
			children = (
				B6C74FC1212B84F600331D01 /* Base */,
			);
			name = LaunchScreen.storyboard;
			sourceTree = "<group>";
		};
/* End PBXVariantGroup section */

/* Begin XCBuildConfiguration section */
		B6C74EDE212B7C3700331D01 /* Debug */ = {
			isa = XCBuildConfiguration;
			buildSettings = {
				ALWAYS_SEARCH_USER_PATHS = NO;
				CLANG_ANALYZER_NONNULL = YES;
				CLANG_ANALYZER_NUMBER_OBJECT_CONVERSION = YES_AGGRESSIVE;
				CLANG_CXX_LANGUAGE_STANDARD = "gnu++14";
				CLANG_CXX_LIBRARY = "libc++";
				CLANG_ENABLE_MODULES = YES;
				CLANG_ENABLE_OBJC_ARC = YES;
				CLANG_ENABLE_OBJC_WEAK = YES;
				CLANG_WARN_BLOCK_CAPTURE_AUTORELEASING = YES;
				CLANG_WARN_BOOL_CONVERSION = YES;
				CLANG_WARN_COMMA = YES;
				CLANG_WARN_CONSTANT_CONVERSION = YES;
				CLANG_WARN_DEPRECATED_OBJC_IMPLEMENTATIONS = YES;
				CLANG_WARN_DIRECT_OBJC_ISA_USAGE = YES_ERROR;
				CLANG_WARN_DOCUMENTATION_COMMENTS = YES;
				CLANG_WARN_EMPTY_BODY = YES;
				CLANG_WARN_ENUM_CONVERSION = YES;
				CLANG_WARN_INFINITE_RECURSION = YES;
				CLANG_WARN_INT_CONVERSION = YES;
				CLANG_WARN_NON_LITERAL_NULL_CONVERSION = YES;
				CLANG_WARN_OBJC_IMPLICIT_RETAIN_SELF = YES;
				CLANG_WARN_OBJC_LITERAL_CONVERSION = YES;
				CLANG_WARN_OBJC_ROOT_CLASS = YES_ERROR;
				CLANG_WARN_RANGE_LOOP_ANALYSIS = YES;
				CLANG_WARN_STRICT_PROTOTYPES = YES;
				CLANG_WARN_SUSPICIOUS_MOVE = YES;
				CLANG_WARN_UNGUARDED_AVAILABILITY = YES_AGGRESSIVE;
				CLANG_WARN_UNREACHABLE_CODE = YES;
				CLANG_WARN__DUPLICATE_METHOD_MATCH = YES;
				CODE_SIGN_IDENTITY = "iPhone Developer";
				COPY_PHASE_STRIP = NO;
				DEBUG_INFORMATION_FORMAT = dwarf;
				ENABLE_STRICT_OBJC_MSGSEND = YES;
				ENABLE_TESTABILITY = YES;
				GCC_C_LANGUAGE_STANDARD = gnu11;
				GCC_DYNAMIC_NO_PIC = NO;
				GCC_NO_COMMON_BLOCKS = YES;
				GCC_OPTIMIZATION_LEVEL = 0;
				GCC_PREPROCESSOR_DEFINITIONS = (
					"DEBUG=1",
					"$(inherited)",
				);
				GCC_WARN_64_TO_32_BIT_CONVERSION = YES;
				GCC_WARN_ABOUT_RETURN_TYPE = YES_ERROR;
				GCC_WARN_UNDECLARED_SELECTOR = YES;
				GCC_WARN_UNINITIALIZED_AUTOS = YES_AGGRESSIVE;
				GCC_WARN_UNUSED_FUNCTION = YES;
				GCC_WARN_UNUSED_VARIABLE = YES;
				IPHONEOS_DEPLOYMENT_TARGET = 11.4;
				MTL_ENABLE_DEBUG_INFO = YES;
				ONLY_ACTIVE_ARCH = YES;
				SDKROOT = iphoneos;
				SWIFT_ACTIVE_COMPILATION_CONDITIONS = DEBUG;
				SWIFT_OPTIMIZATION_LEVEL = "-Onone";
			};
			name = Debug;
		};
		B6C74EDF212B7C3700331D01 /* Release */ = {
			isa = XCBuildConfiguration;
			buildSettings = {
				ALWAYS_SEARCH_USER_PATHS = NO;
				CLANG_ANALYZER_NONNULL = YES;
				CLANG_ANALYZER_NUMBER_OBJECT_CONVERSION = YES_AGGRESSIVE;
				CLANG_CXX_LANGUAGE_STANDARD = "gnu++14";
				CLANG_CXX_LIBRARY = "libc++";
				CLANG_ENABLE_MODULES = YES;
				CLANG_ENABLE_OBJC_ARC = YES;
				CLANG_ENABLE_OBJC_WEAK = YES;
				CLANG_WARN_BLOCK_CAPTURE_AUTORELEASING = YES;
				CLANG_WARN_BOOL_CONVERSION = YES;
				CLANG_WARN_COMMA = YES;
				CLANG_WARN_CONSTANT_CONVERSION = YES;
				CLANG_WARN_DEPRECATED_OBJC_IMPLEMENTATIONS = YES;
				CLANG_WARN_DIRECT_OBJC_ISA_USAGE = YES_ERROR;
				CLANG_WARN_DOCUMENTATION_COMMENTS = YES;
				CLANG_WARN_EMPTY_BODY = YES;
				CLANG_WARN_ENUM_CONVERSION = YES;
				CLANG_WARN_INFINITE_RECURSION = YES;
				CLANG_WARN_INT_CONVERSION = YES;
				CLANG_WARN_NON_LITERAL_NULL_CONVERSION = YES;
				CLANG_WARN_OBJC_IMPLICIT_RETAIN_SELF = YES;
				CLANG_WARN_OBJC_LITERAL_CONVERSION = YES;
				CLANG_WARN_OBJC_ROOT_CLASS = YES_ERROR;
				CLANG_WARN_RANGE_LOOP_ANALYSIS = YES;
				CLANG_WARN_STRICT_PROTOTYPES = YES;
				CLANG_WARN_SUSPICIOUS_MOVE = YES;
				CLANG_WARN_UNGUARDED_AVAILABILITY = YES_AGGRESSIVE;
				CLANG_WARN_UNREACHABLE_CODE = YES;
				CLANG_WARN__DUPLICATE_METHOD_MATCH = YES;
				CODE_SIGN_IDENTITY = "iPhone Developer";
				COPY_PHASE_STRIP = NO;
				DEBUG_INFORMATION_FORMAT = "dwarf-with-dsym";
				ENABLE_NS_ASSERTIONS = NO;
				ENABLE_STRICT_OBJC_MSGSEND = YES;
				GCC_C_LANGUAGE_STANDARD = gnu11;
				GCC_NO_COMMON_BLOCKS = YES;
				GCC_WARN_64_TO_32_BIT_CONVERSION = YES;
				GCC_WARN_ABOUT_RETURN_TYPE = YES_ERROR;
				GCC_WARN_UNDECLARED_SELECTOR = YES;
				GCC_WARN_UNINITIALIZED_AUTOS = YES_AGGRESSIVE;
				GCC_WARN_UNUSED_FUNCTION = YES;
				GCC_WARN_UNUSED_VARIABLE = YES;
				IPHONEOS_DEPLOYMENT_TARGET = 11.4;
				MTL_ENABLE_DEBUG_INFO = NO;
				SDKROOT = iphoneos;
				SWIFT_COMPILATION_MODE = wholemodule;
				SWIFT_OPTIMIZATION_LEVEL = "-O";
				VALIDATE_PRODUCT = YES;
			};
			name = Release;
		};
		B6C74EE1212B7C3700331D01 /* Debug */ = {
			isa = XCBuildConfiguration;
			buildSettings = {
				ASSETCATALOG_COMPILER_APPICON_NAME = AppIcon;
				CODE_SIGN_STYLE = Automatic;
				DEVELOPMENT_TEAM = PKK87S6JNY;
				INFOPLIST_FILE = "$(SRCROOT)/ADVNTR/Resources/Info.plist";
				IPHONEOS_DEPLOYMENT_TARGET = 11.4;
				LD_RUNPATH_SEARCH_PATHS = (
					"$(inherited)",
					"@executable_path/Frameworks",
				);
				PRODUCT_BUNDLE_IDENTIFIER = com.zachfrew.ADVNTR;
				PRODUCT_NAME = "$(TARGET_NAME)";
				SWIFT_VERSION = 4.0;
				TARGETED_DEVICE_FAMILY = "1,2";
			};
			name = Debug;
		};
		B6C74EE2212B7C3700331D01 /* Release */ = {
			isa = XCBuildConfiguration;
			buildSettings = {
				ASSETCATALOG_COMPILER_APPICON_NAME = AppIcon;
				CODE_SIGN_STYLE = Automatic;
				DEVELOPMENT_TEAM = PKK87S6JNY;
				INFOPLIST_FILE = "$(SRCROOT)/ADVNTR/Resources/Info.plist";
				IPHONEOS_DEPLOYMENT_TARGET = 11.4;
				LD_RUNPATH_SEARCH_PATHS = (
					"$(inherited)",
					"@executable_path/Frameworks",
				);
				PRODUCT_BUNDLE_IDENTIFIER = com.zachfrew.ADVNTR;
				PRODUCT_NAME = "$(TARGET_NAME)";
				SWIFT_VERSION = 4.0;
				TARGETED_DEVICE_FAMILY = "1,2";
			};
			name = Release;
		};
/* End XCBuildConfiguration section */

/* Begin XCConfigurationList section */
		B6C74EC9212B7C3500331D01 /* Build configuration list for PBXProject "ADVNTR" */ = {
			isa = XCConfigurationList;
			buildConfigurations = (
				B6C74EDE212B7C3700331D01 /* Debug */,
				B6C74EDF212B7C3700331D01 /* Release */,
			);
			defaultConfigurationIsVisible = 0;
			defaultConfigurationName = Release;
		};
		B6C74EE0212B7C3700331D01 /* Build configuration list for PBXNativeTarget "ADVNTR" */ = {
			isa = XCConfigurationList;
			buildConfigurations = (
				B6C74EE1212B7C3700331D01 /* Debug */,
				B6C74EE2212B7C3700331D01 /* Release */,
			);
			defaultConfigurationIsVisible = 0;
			defaultConfigurationName = Release;
		};
/* End XCConfigurationList section */
	};
	rootObject = B6C74EC6212B7C3500331D01 /* Project object */;
}
